// !$*UTF8*$!
{
	archiveVersion = 1;
	classes = {
	};
	objectVersion = 46;
	objects = {

/* Begin PBXBuildFile section */
		0BF9A0E45B4536A8A6CA8198 /* Pods_proyecto.framework in Frameworks */ = {isa = PBXBuildFile; fileRef = DF3635848CBE51F4067784E2 /* Pods_proyecto.framework */; };
		938B5A441D0764BB002231A1 /* ppal2.png in Resources */ = {isa = PBXBuildFile; fileRef = 938B5A431D0764BB002231A1 /* ppal2.png */; };
		CB8D96BE1CFE8F6200873F32 /* AppDelegate.swift in Sources */ = {isa = PBXBuildFile; fileRef = CB8D96BD1CFE8F6100873F32 /* AppDelegate.swift */; };
		CB8D96C01CFE8F6200873F32 /* ViewController.swift in Sources */ = {isa = PBXBuildFile; fileRef = CB8D96BF1CFE8F6200873F32 /* ViewController.swift */; };
		CB8D96C31CFE8F6200873F32 /* Main.storyboard in Resources */ = {isa = PBXBuildFile; fileRef = CB8D96C11CFE8F6200873F32 /* Main.storyboard */; };
		CB8D96C51CFE8F6200873F32 /* Assets.xcassets in Resources */ = {isa = PBXBuildFile; fileRef = CB8D96C41CFE8F6200873F32 /* Assets.xcassets */; };
		CB8D96C81CFE8F6200873F32 /* LaunchScreen.storyboard in Resources */ = {isa = PBXBuildFile; fileRef = CB8D96C61CFE8F6200873F32 /* LaunchScreen.storyboard */; };
		CB8D96D01CFE95C600873F32 /* WebService.swift in Sources */ = {isa = PBXBuildFile; fileRef = CB8D96CF1CFE95C600873F32 /* WebService.swift */; };
		CBC7CA341CFFB6F60097BC8F /* ContactosViewController.swift in Sources */ = {isa = PBXBuildFile; fileRef = CBC7CA331CFFB6F60097BC8F /* ContactosViewController.swift */; };
		CBC7CA361CFFB9DC0097BC8F /* Contacto.swift in Sources */ = {isa = PBXBuildFile; fileRef = CBC7CA351CFFB9DC0097BC8F /* Contacto.swift */; };
		CBD3D5AF1CFFCFC50003F1DB /* MensajesViewController.swift in Sources */ = {isa = PBXBuildFile; fileRef = CBD3D5AE1CFFCFC50003F1DB /* MensajesViewController.swift */; };
		CBD3D5B11CFFDF1D0003F1DB /* Mensaje.swift in Sources */ = {isa = PBXBuildFile; fileRef = CBD3D5B01CFFDF1D0003F1DB /* Mensaje.swift */; };
		CBD3D5B31CFFE0D50003F1DB /* User.swift in Sources */ = {isa = PBXBuildFile; fileRef = CBD3D5B21CFFE0D50003F1DB /* User.swift */; };
		CBD3D5B51CFFE14F0003F1DB /* LocalDatabase.swift in Sources */ = {isa = PBXBuildFile; fileRef = CBD3D5B41CFFE14F0003F1DB /* LocalDatabase.swift */; };
		CBD3D5B71D006A1A0003F1DB /* ArchivosViewController.swift in Sources */ = {isa = PBXBuildFile; fileRef = CBD3D5B61D006A1A0003F1DB /* ArchivosViewController.swift */; };
/* End PBXBuildFile section */

/* Begin PBXFileReference section */
		80515926E36FA71BFB247858 /* Pods-proyecto.release.xcconfig */ = {isa = PBXFileReference; includeInIndex = 1; lastKnownFileType = text.xcconfig; name = "Pods-proyecto.release.xcconfig"; path = "Pods/Target Support Files/Pods-proyecto/Pods-proyecto.release.xcconfig"; sourceTree = "<group>"; };
		9221308DA70CE9126FAAC942 /* Pods-proyecto.debug.xcconfig */ = {isa = PBXFileReference; includeInIndex = 1; lastKnownFileType = text.xcconfig; name = "Pods-proyecto.debug.xcconfig"; path = "Pods/Target Support Files/Pods-proyecto/Pods-proyecto.debug.xcconfig"; sourceTree = "<group>"; };
		938B5A431D0764BB002231A1 /* ppal2.png */ = {isa = PBXFileReference; lastKnownFileType = image.png; path = ppal2.png; sourceTree = "<group>"; };
		CB8D96BA1CFE8F6000873F32 /* proyecto.app */ = {isa = PBXFileReference; explicitFileType = wrapper.application; includeInIndex = 0; path = proyecto.app; sourceTree = BUILT_PRODUCTS_DIR; };
		CB8D96BD1CFE8F6100873F32 /* AppDelegate.swift */ = {isa = PBXFileReference; lastKnownFileType = sourcecode.swift; path = AppDelegate.swift; sourceTree = "<group>"; };
		CB8D96BF1CFE8F6200873F32 /* ViewController.swift */ = {isa = PBXFileReference; lastKnownFileType = sourcecode.swift; path = ViewController.swift; sourceTree = "<group>"; };
		CB8D96C21CFE8F6200873F32 /* Base */ = {isa = PBXFileReference; lastKnownFileType = file.storyboard; name = Base; path = Base.lproj/Main.storyboard; sourceTree = "<group>"; };
		CB8D96C41CFE8F6200873F32 /* Assets.xcassets */ = {isa = PBXFileReference; lastKnownFileType = folder.assetcatalog; path = Assets.xcassets; sourceTree = "<group>"; };
		CB8D96C71CFE8F6200873F32 /* Base */ = {isa = PBXFileReference; lastKnownFileType = file.storyboard; name = Base; path = Base.lproj/LaunchScreen.storyboard; sourceTree = "<group>"; };
		CB8D96C91CFE8F6200873F32 /* Info.plist */ = {isa = PBXFileReference; lastKnownFileType = text.plist.xml; path = Info.plist; sourceTree = "<group>"; };
		CB8D96CF1CFE95C600873F32 /* WebService.swift */ = {isa = PBXFileReference; fileEncoding = 4; lastKnownFileType = sourcecode.swift; path = WebService.swift; sourceTree = "<group>"; };
		CBC7CA331CFFB6F60097BC8F /* ContactosViewController.swift */ = {isa = PBXFileReference; fileEncoding = 4; lastKnownFileType = sourcecode.swift; path = ContactosViewController.swift; sourceTree = "<group>"; };
		CBC7CA351CFFB9DC0097BC8F /* Contacto.swift */ = {isa = PBXFileReference; fileEncoding = 4; lastKnownFileType = sourcecode.swift; path = Contacto.swift; sourceTree = "<group>"; };
		CBD3D5AE1CFFCFC50003F1DB /* MensajesViewController.swift */ = {isa = PBXFileReference; fileEncoding = 4; lastKnownFileType = sourcecode.swift; path = MensajesViewController.swift; sourceTree = "<group>"; };
		CBD3D5B01CFFDF1D0003F1DB /* Mensaje.swift */ = {isa = PBXFileReference; fileEncoding = 4; lastKnownFileType = sourcecode.swift; path = Mensaje.swift; sourceTree = "<group>"; };
		CBD3D5B21CFFE0D50003F1DB /* User.swift */ = {isa = PBXFileReference; fileEncoding = 4; lastKnownFileType = sourcecode.swift; path = User.swift; sourceTree = "<group>"; };
		CBD3D5B41CFFE14F0003F1DB /* LocalDatabase.swift */ = {isa = PBXFileReference; fileEncoding = 4; lastKnownFileType = sourcecode.swift; path = LocalDatabase.swift; sourceTree = "<group>"; };
		CBD3D5B61D006A1A0003F1DB /* ArchivosViewController.swift */ = {isa = PBXFileReference; fileEncoding = 4; lastKnownFileType = sourcecode.swift; path = ArchivosViewController.swift; sourceTree = "<group>"; };
		DF3635848CBE51F4067784E2 /* Pods_proyecto.framework */ = {isa = PBXFileReference; explicitFileType = wrapper.framework; includeInIndex = 0; path = Pods_proyecto.framework; sourceTree = BUILT_PRODUCTS_DIR; };
/* End PBXFileReference section */

/* Begin PBXFrameworksBuildPhase section */
		CB8D96B71CFE8F6000873F32 /* Frameworks */ = {
			isa = PBXFrameworksBuildPhase;
			buildActionMask = 2147483647;
			files = (
				0BF9A0E45B4536A8A6CA8198 /* Pods_proyecto.framework in Frameworks */,
			);
			runOnlyForDeploymentPostprocessing = 0;
		};
/* End PBXFrameworksBuildPhase section */

/* Begin PBXGroup section */
		2BE1CDD49018FA133B3E647B /* Pods */ = {
			isa = PBXGroup;
			children = (
				9221308DA70CE9126FAAC942 /* Pods-proyecto.debug.xcconfig */,
				80515926E36FA71BFB247858 /* Pods-proyecto.release.xcconfig */,
			);
			name = Pods;
			sourceTree = "<group>";
		};
		938B5A321D075A45002231A1 /* Images */ = {
			isa = PBXGroup;
			children = (
				938B5A431D0764BB002231A1 /* ppal2.png */,
			);
			name = Images;
			sourceTree = "<group>";
		};
		CB8D96B11CFE8F6000873F32 = {
			isa = PBXGroup;
			children = (
				938B5A321D075A45002231A1 /* Images */,
				CB8D96BC1CFE8F6100873F32 /* proyecto */,
				CB8D96BB1CFE8F6000873F32 /* Products */,
				2BE1CDD49018FA133B3E647B /* Pods */,
				E7B5D9450B11D95EA3A33192 /* Frameworks */,
			);
			sourceTree = "<group>";
		};
		CB8D96BB1CFE8F6000873F32 /* Products */ = {
			isa = PBXGroup;
			children = (
				CB8D96BA1CFE8F6000873F32 /* proyecto.app */,
			);
			name = Products;
			sourceTree = "<group>";
		};
		CB8D96BC1CFE8F6100873F32 /* proyecto */ = {
			isa = PBXGroup;
			children = (
				CB8D96BD1CFE8F6100873F32 /* AppDelegate.swift */,
				CB8D96BF1CFE8F6200873F32 /* ViewController.swift */,
				CB8D96C11CFE8F6200873F32 /* Main.storyboard */,
				CB8D96C41CFE8F6200873F32 /* Assets.xcassets */,
				CB8D96C61CFE8F6200873F32 /* LaunchScreen.storyboard */,
				CB8D96C91CFE8F6200873F32 /* Info.plist */,
				CB8D96CF1CFE95C600873F32 /* WebService.swift */,
				CBC7CA331CFFB6F60097BC8F /* ContactosViewController.swift */,
				CBC7CA351CFFB9DC0097BC8F /* Contacto.swift */,
				CBD3D5AE1CFFCFC50003F1DB /* MensajesViewController.swift */,
				CBD3D5B01CFFDF1D0003F1DB /* Mensaje.swift */,
				CBD3D5B21CFFE0D50003F1DB /* User.swift */,
				CBD3D5B41CFFE14F0003F1DB /* LocalDatabase.swift */,
				CBD3D5B61D006A1A0003F1DB /* ArchivosViewController.swift */,
			);
			path = proyecto;
			sourceTree = "<group>";
		};
		E7B5D9450B11D95EA3A33192 /* Frameworks */ = {
			isa = PBXGroup;
			children = (
				DF3635848CBE51F4067784E2 /* Pods_proyecto.framework */,
			);
			name = Frameworks;
			sourceTree = "<group>";
		};
/* End PBXGroup section */

/* Begin PBXNativeTarget section */
		CB8D96B91CFE8F6000873F32 /* proyecto */ = {
			isa = PBXNativeTarget;
			buildConfigurationList = CB8D96CC1CFE8F6200873F32 /* Build configuration list for PBXNativeTarget "proyecto" */;
			buildPhases = (
				1DDA34716A90B52B4A62CD90 /* Check Pods Manifest.lock */,
				CB8D96B61CFE8F6000873F32 /* Sources */,
				CB8D96B71CFE8F6000873F32 /* Frameworks */,
				CB8D96B81CFE8F6000873F32 /* Resources */,
				9A03E357BDADA515CE691D98 /* Embed Pods Frameworks */,
				B20FBFB8F08AE97DE800E353 /* Copy Pods Resources */,
			);
			buildRules = (
			);
			dependencies = (
			);
			name = proyecto;
			productName = proyecto;
			productReference = CB8D96BA1CFE8F6000873F32 /* proyecto.app */;
			productType = "com.apple.product-type.application";
		};
/* End PBXNativeTarget section */

/* Begin PBXProject section */
		CB8D96B21CFE8F6000873F32 /* Project object */ = {
			isa = PBXProject;
			attributes = {
				LastSwiftUpdateCheck = 0730;
				LastUpgradeCheck = 0730;
				ORGANIZATIONNAME = "Brayan Bonilla ";
				TargetAttributes = {
					CB8D96B91CFE8F6000873F32 = {
						CreatedOnToolsVersion = 7.3.1;
						DevelopmentTeam = LPPF38FX6Z;
					};
				};
			};
			buildConfigurationList = CB8D96B51CFE8F6000873F32 /* Build configuration list for PBXProject "proyecto" */;
			compatibilityVersion = "Xcode 3.2";
			developmentRegion = English;
			hasScannedForEncodings = 0;
			knownRegions = (
				en,
				Base,
			);
			mainGroup = CB8D96B11CFE8F6000873F32;
			productRefGroup = CB8D96BB1CFE8F6000873F32 /* Products */;
			projectDirPath = "";
			projectRoot = "";
			targets = (
				CB8D96B91CFE8F6000873F32 /* proyecto */,
			);
		};
/* End PBXProject section */

/* Begin PBXResourcesBuildPhase section */
		CB8D96B81CFE8F6000873F32 /* Resources */ = {
			isa = PBXResourcesBuildPhase;
			buildActionMask = 2147483647;
			files = (
				CB8D96C81CFE8F6200873F32 /* LaunchScreen.storyboard in Resources */,
				CB8D96C51CFE8F6200873F32 /* Assets.xcassets in Resources */,
				CB8D96C31CFE8F6200873F32 /* Main.storyboard in Resources */,
				938B5A441D0764BB002231A1 /* ppal2.png in Resources */,
			);
			runOnlyForDeploymentPostprocessing = 0;
		};
/* End PBXResourcesBuildPhase section */

/* Begin PBXShellScriptBuildPhase section */
		1DDA34716A90B52B4A62CD90 /* Check Pods Manifest.lock */ = {
			isa = PBXShellScriptBuildPhase;
			buildActionMask = 2147483647;
			files = (
			);
			inputPaths = (
			);
			name = "Check Pods Manifest.lock";
			outputPaths = (
			);
			runOnlyForDeploymentPostprocessing = 0;
			shellPath = /bin/sh;
			shellScript = "diff \"${PODS_ROOT}/../Podfile.lock\" \"${PODS_ROOT}/Manifest.lock\" > /dev/null\nif [[ $? != 0 ]] ; then\n    cat << EOM\nerror: The sandbox is not in sync with the Podfile.lock. Run 'pod install' or update your CocoaPods installation.\nEOM\n    exit 1\nfi\n";
			showEnvVarsInLog = 0;
		};
		9A03E357BDADA515CE691D98 /* Embed Pods Frameworks */ = {
			isa = PBXShellScriptBuildPhase;
			buildActionMask = 2147483647;
			files = (
			);
			inputPaths = (
			);
			name = "Embed Pods Frameworks";
			outputPaths = (
			);
			runOnlyForDeploymentPostprocessing = 0;
			shellPath = /bin/sh;
			shellScript = "\"${SRCROOT}/Pods/Target Support Files/Pods-proyecto/Pods-proyecto-frameworks.sh\"\n";
			showEnvVarsInLog = 0;
		};
		B20FBFB8F08AE97DE800E353 /* Copy Pods Resources */ = {
			isa = PBXShellScriptBuildPhase;
			buildActionMask = 2147483647;
			files = (
			);
			inputPaths = (
			);
			name = "Copy Pods Resources";
			outputPaths = (
			);
			runOnlyForDeploymentPostprocessing = 0;
			shellPath = /bin/sh;
			shellScript = "\"${SRCROOT}/Pods/Target Support Files/Pods-proyecto/Pods-proyecto-resources.sh\"\n";
			showEnvVarsInLog = 0;
		};
/* End PBXShellScriptBuildPhase section */

/* Begin PBXSourcesBuildPhase section */
		CB8D96B61CFE8F6000873F32 /* Sources */ = {
			isa = PBXSourcesBuildPhase;
			buildActionMask = 2147483647;
			files = (
				CBD3D5B51CFFE14F0003F1DB /* LocalDatabase.swift in Sources */,
				CB8D96D01CFE95C600873F32 /* WebService.swift in Sources */,
				CBD3D5B71D006A1A0003F1DB /* ArchivosViewController.swift in Sources */,
				CBD3D5B11CFFDF1D0003F1DB /* Mensaje.swift in Sources */,
				CBC7CA341CFFB6F60097BC8F /* ContactosViewController.swift in Sources */,
				CB8D96C01CFE8F6200873F32 /* ViewController.swift in Sources */,
				CBD3D5B31CFFE0D50003F1DB /* User.swift in Sources */,
				CB8D96BE1CFE8F6200873F32 /* AppDelegate.swift in Sources */,
				CBD3D5AF1CFFCFC50003F1DB /* MensajesViewController.swift in Sources */,
				CBC7CA361CFFB9DC0097BC8F /* Contacto.swift in Sources */,
			);
			runOnlyForDeploymentPostprocessing = 0;
		};
/* End PBXSourcesBuildPhase section */

/* Begin PBXVariantGroup section */
		CB8D96C11CFE8F6200873F32 /* Main.storyboard */ = {
			isa = PBXVariantGroup;
			children = (
				CB8D96C21CFE8F6200873F32 /* Base */,
			);
			name = Main.storyboard;
			sourceTree = "<group>";
		};
		CB8D96C61CFE8F6200873F32 /* LaunchScreen.storyboard */ = {
			isa = PBXVariantGroup;
			children = (
				CB8D96C71CFE8F6200873F32 /* Base */,
			);
			name = LaunchScreen.storyboard;
			sourceTree = "<group>";
		};
/* End PBXVariantGroup section */

/* Begin XCBuildConfiguration section */
		CB8D96CA1CFE8F6200873F32 /* Debug */ = {
			isa = XCBuildConfiguration;
			buildSettings = {
				ALWAYS_SEARCH_USER_PATHS = NO;
				CLANG_ANALYZER_NONNULL = YES;
				CLANG_CXX_LANGUAGE_STANDARD = "gnu++0x";
				CLANG_CXX_LIBRARY = "libc++";
				CLANG_ENABLE_MODULES = YES;
				CLANG_ENABLE_OBJC_ARC = YES;
				CLANG_WARN_BOOL_CONVERSION = YES;
				CLANG_WARN_CONSTANT_CONVERSION = YES;
				CLANG_WARN_DIRECT_OBJC_ISA_USAGE = YES_ERROR;
				CLANG_WARN_EMPTY_BODY = YES;
				CLANG_WARN_ENUM_CONVERSION = YES;
				CLANG_WARN_INT_CONVERSION = YES;
				CLANG_WARN_OBJC_ROOT_CLASS = YES_ERROR;
				CLANG_WARN_UNREACHABLE_CODE = YES;
				CLANG_WARN__DUPLICATE_METHOD_MATCH = YES;
				"CODE_SIGN_IDENTITY[sdk=iphoneos*]" = "iPhone Developer";
				COPY_PHASE_STRIP = NO;
				DEBUG_INFORMATION_FORMAT = dwarf;
				ENABLE_STRICT_OBJC_MSGSEND = YES;
				ENABLE_TESTABILITY = YES;
				GCC_C_LANGUAGE_STANDARD = gnu99;
				GCC_DYNAMIC_NO_PIC = NO;
				GCC_NO_COMMON_BLOCKS = YES;
				GCC_OPTIMIZATION_LEVEL = 0;
				GCC_PREPROCESSOR_DEFINITIONS = (
					"DEBUG=1",
					"$(inherited)",
				);
				GCC_WARN_64_TO_32_BIT_CONVERSION = YES;
				GCC_WARN_ABOUT_RETURN_TYPE = YES_ERROR;
				GCC_WARN_UNDECLARED_SELECTOR = YES;
				GCC_WARN_UNINITIALIZED_AUTOS = YES_AGGRESSIVE;
				GCC_WARN_UNUSED_FUNCTION = YES;
				GCC_WARN_UNUSED_VARIABLE = YES;
				IPHONEOS_DEPLOYMENT_TARGET = 9.3;
				MTL_ENABLE_DEBUG_INFO = YES;
				ONLY_ACTIVE_ARCH = YES;
				SDKROOT = iphoneos;
				SWIFT_OPTIMIZATION_LEVEL = "-Onone";
			};
			name = Debug;
		};
		CB8D96CB1CFE8F6200873F32 /* Release */ = {
			isa = XCBuildConfiguration;
			buildSettings = {
				ALWAYS_SEARCH_USER_PATHS = NO;
				CLANG_ANALYZER_NONNULL = YES;
				CLANG_CXX_LANGUAGE_STANDARD = "gnu++0x";
				CLANG_CXX_LIBRARY = "libc++";
				CLANG_ENABLE_MODULES = YES;
				CLANG_ENABLE_OBJC_ARC = YES;
				CLANG_WARN_BOOL_CONVERSION = YES;
				CLANG_WARN_CONSTANT_CONVERSION = YES;
				CLANG_WARN_DIRECT_OBJC_ISA_USAGE = YES_ERROR;
				CLANG_WARN_EMPTY_BODY = YES;
				CLANG_WARN_ENUM_CONVERSION = YES;
				CLANG_WARN_INT_CONVERSION = YES;
				CLANG_WARN_OBJC_ROOT_CLASS = YES_ERROR;
				CLANG_WARN_UNREACHABLE_CODE = YES;
				CLANG_WARN__DUPLICATE_METHOD_MATCH = YES;
				"CODE_SIGN_IDENTITY[sdk=iphoneos*]" = "iPhone Developer";
				COPY_PHASE_STRIP = NO;
				DEBUG_INFORMATION_FORMAT = "dwarf-with-dsym";
				ENABLE_NS_ASSERTIONS = NO;
				ENABLE_STRICT_OBJC_MSGSEND = YES;
				GCC_C_LANGUAGE_STANDARD = gnu99;
				GCC_NO_COMMON_BLOCKS = YES;
				GCC_WARN_64_TO_32_BIT_CONVERSION = YES;
				GCC_WARN_ABOUT_RETURN_TYPE = YES_ERROR;
				GCC_WARN_UNDECLARED_SELECTOR = YES;
				GCC_WARN_UNINITIALIZED_AUTOS = YES_AGGRESSIVE;
				GCC_WARN_UNUSED_FUNCTION = YES;
				GCC_WARN_UNUSED_VARIABLE = YES;
				IPHONEOS_DEPLOYMENT_TARGET = 9.3;
				MTL_ENABLE_DEBUG_INFO = NO;
				SDKROOT = iphoneos;
				VALIDATE_PRODUCT = YES;
			};
			name = Release;
		};
		CB8D96CD1CFE8F6200873F32 /* Debug */ = {
			isa = XCBuildConfiguration;
			baseConfigurationReference = 9221308DA70CE9126FAAC942 /* Pods-proyecto.debug.xcconfig */;
			buildSettings = {
				ASSETCATALOG_COMPILER_APPICON_NAME = AppIcon;
				CODE_SIGN_IDENTITY = "iPhone Developer";
				INFOPLIST_FILE = proyecto/Info.plist;
				LD_RUNPATH_SEARCH_PATHS = "$(inherited) @executable_path/Frameworks";
				PRODUCT_BUNDLE_IDENTIFIER = com.javerianacali.proyecto;
				PRODUCT_NAME = "$(TARGET_NAME)";
			};
			name = Debug;
		};
		CB8D96CE1CFE8F6200873F32 /* Release */ = {
			isa = XCBuildConfiguration;
			baseConfigurationReference = 80515926E36FA71BFB247858 /* Pods-proyecto.release.xcconfig */;
			buildSettings = {
				ASSETCATALOG_COMPILER_APPICON_NAME = AppIcon;
				CODE_SIGN_IDENTITY = "iPhone Developer";
				INFOPLIST_FILE = proyecto/Info.plist;
				LD_RUNPATH_SEARCH_PATHS = "$(inherited) @executable_path/Frameworks";
				PRODUCT_BUNDLE_IDENTIFIER = com.javerianacali.proyecto;
				PRODUCT_NAME = "$(TARGET_NAME)";
			};
			name = Release;
		};
/* End XCBuildConfiguration section */

/* Begin XCConfigurationList section */
		CB8D96B51CFE8F6000873F32 /* Build configuration list for PBXProject "proyecto" */ = {
			isa = XCConfigurationList;
			buildConfigurations = (
				CB8D96CA1CFE8F6200873F32 /* Debug */,
				CB8D96CB1CFE8F6200873F32 /* Release */,
			);
			defaultConfigurationIsVisible = 0;
			defaultConfigurationName = Release;
		};
		CB8D96CC1CFE8F6200873F32 /* Build configuration list for PBXNativeTarget "proyecto" */ = {
			isa = XCConfigurationList;
			buildConfigurations = (
				CB8D96CD1CFE8F6200873F32 /* Debug */,
				CB8D96CE1CFE8F6200873F32 /* Release */,
			);
			defaultConfigurationIsVisible = 0;
			defaultConfigurationName = Release;
		};
/* End XCConfigurationList section */
	};
	rootObject = CB8D96B21CFE8F6000873F32 /* Project object */;
}
