
Microsoft Visual Studio Solution File, Format Version 12.00
# Visual Studio 2013
VisualStudioVersion = 12.0.30110.0
MinimumVisualStudioVersion = 10.0.40219.1
Project("{FAE04EC0-301F-11D3-BF4B-00C04F79EFBC}") = "WebApiWindowsPhone", "WebApiWindowsPhone\WebApiWindowsPhone.csproj", "{C67F6235-0DD3-424C-BB52-C86CA2437A97}"
EndProject
Project("{FAE04EC0-301F-11D3-BF4B-00C04F79EFBC}") = "MvcApplication", "MvcApplication\MvcApplication.csproj", "{59C56C2B-D093-4B28-9A29-4EF5E8B5ABEB}"
EndProject
Project("{FAE04EC0-301F-11D3-BF4B-00C04F79EFBC}") = "PortableClassLibrary", "PortableClassLibrary\PortableClassLibrary.csproj", "{9CA7138B-0CDF-4B47-A15E-5530835D67ED}"
EndProject
Global
	GlobalSection(SolutionConfigurationPlatforms) = preSolution
		Debug|Any CPU = Debug|Any CPU
		Debug|ARM = Debug|ARM
		Debug|x86 = Debug|x86
		Release|Any CPU = Release|Any CPU
		Release|ARM = Release|ARM
		Release|x86 = Release|x86
	EndGlobalSection
	GlobalSection(ProjectConfigurationPlatforms) = postSolution
		{C67F6235-0DD3-424C-BB52-C86CA2437A97}.Debug|Any CPU.ActiveCfg = Debug|Any CPU
		{C67F6235-0DD3-424C-BB52-C86CA2437A97}.Debug|Any CPU.Build.0 = Debug|Any CPU
		{C67F6235-0DD3-424C-BB52-C86CA2437A97}.Debug|Any CPU.Deploy.0 = Debug|Any CPU
		{C67F6235-0DD3-424C-BB52-C86CA2437A97}.Debug|ARM.ActiveCfg = Debug|ARM
		{C67F6235-0DD3-424C-BB52-C86CA2437A97}.Debug|ARM.Build.0 = Debug|ARM
		{C67F6235-0DD3-424C-BB52-C86CA2437A97}.Debug|ARM.Deploy.0 = Debug|ARM
		{C67F6235-0DD3-424C-BB52-C86CA2437A97}.Debug|x86.ActiveCfg = Debug|x86
		{C67F6235-0DD3-424C-BB52-C86CA2437A97}.Debug|x86.Build.0 = Debug|x86
		{C67F6235-0DD3-424C-BB52-C86CA2437A97}.Debug|x86.Deploy.0 = Debug|x86
		{C67F6235-0DD3-424C-BB52-C86CA2437A97}.Release|Any CPU.ActiveCfg = Release|Any CPU
		{C67F6235-0DD3-424C-BB52-C86CA2437A97}.Release|Any CPU.Build.0 = Release|Any CPU
		{C67F6235-0DD3-424C-BB52-C86CA2437A97}.Release|Any CPU.Deploy.0 = Release|Any CPU
		{C67F6235-0DD3-424C-BB52-C86CA2437A97}.Release|ARM.ActiveCfg = Release|ARM
		{C67F6235-0DD3-424C-BB52-C86CA2437A97}.Release|ARM.Build.0 = Release|ARM
		{C67F6235-0DD3-424C-BB52-C86CA2437A97}.Release|ARM.Deploy.0 = Release|ARM
		{C67F6235-0DD3-424C-BB52-C86CA2437A97}.Release|x86.ActiveCfg = Release|x86
		{C67F6235-0DD3-424C-BB52-C86CA2437A97}.Release|x86.Build.0 = Release|x86
		{C67F6235-0DD3-424C-BB52-C86CA2437A97}.Release|x86.Deploy.0 = Release|x86
		{59C56C2B-D093-4B28-9A29-4EF5E8B5ABEB}.Debug|Any CPU.ActiveCfg = Debug|Any CPU
		{59C56C2B-D093-4B28-9A29-4EF5E8B5ABEB}.Debug|Any CPU.Build.0 = Debug|Any CPU
		{59C56C2B-D093-4B28-9A29-4EF5E8B5ABEB}.Debug|ARM.ActiveCfg = Debug|Any CPU
		{59C56C2B-D093-4B28-9A29-4EF5E8B5ABEB}.Debug|x86.ActiveCfg = Debug|Any CPU
		{59C56C2B-D093-4B28-9A29-4EF5E8B5ABEB}.Release|Any CPU.ActiveCfg = Release|Any CPU
		{59C56C2B-D093-4B28-9A29-4EF5E8B5ABEB}.Release|Any CPU.Build.0 = Release|Any CPU
		{59C56C2B-D093-4B28-9A29-4EF5E8B5ABEB}.Release|ARM.ActiveCfg = Release|Any CPU
		{59C56C2B-D093-4B28-9A29-4EF5E8B5ABEB}.Release|x86.ActiveCfg = Release|Any CPU
		{9CA7138B-0CDF-4B47-A15E-5530835D67ED}.Debug|Any CPU.ActiveCfg = Debug|Any CPU
		{9CA7138B-0CDF-4B47-A15E-5530835D67ED}.Debug|Any CPU.Build.0 = Debug|Any CPU
		{9CA7138B-0CDF-4B47-A15E-5530835D67ED}.Debug|ARM.ActiveCfg = Debug|Any CPU
		{9CA7138B-0CDF-4B47-A15E-5530835D67ED}.Debug|x86.ActiveCfg = Debug|Any CPU
		{9CA7138B-0CDF-4B47-A15E-5530835D67ED}.Release|Any CPU.ActiveCfg = Release|Any CPU
		{9CA7138B-0CDF-4B47-A15E-5530835D67ED}.Release|Any CPU.Build.0 = Release|Any CPU
		{9CA7138B-0CDF-4B47-A15E-5530835D67ED}.Release|ARM.ActiveCfg = Release|Any CPU
		{9CA7138B-0CDF-4B47-A15E-5530835D67ED}.Release|x86.ActiveCfg = Release|Any CPU
	EndGlobalSection
	GlobalSection(SolutionProperties) = preSolution
		HideSolutionNode = FALSE
	EndGlobalSection
EndGlobal
